
Microsoft Visual Studio Solution File, Format Version 12.00
# Visual Studio Version 17
VisualStudioVersion = 17.5.002.0
MinimumVisualStudioVersion = 10.0.40219.1
Project("{9A19103F-16F7-4668-BE54-9A1E7A4F7556}") = "minimum-value-to-get-positive-step-by-step-sum", "minimum-value-to-get-positive-step-by-step-sum.csproj", "{49FA0DFD-64D6-40E6-AB1F-B7A87CA313C1}"
EndProject
Global
	GlobalSection(SolutionConfigurationPlatforms) = preSolution
		Debug|Any CPU = Debug|Any CPU
		Release|Any CPU = Release|Any CPU
	EndGlobalSection
	GlobalSection(ProjectConfigurationPlatforms) = postSolution
		{49FA0DFD-64D6-40E6-AB1F-B7A87CA313C1}.Debug|Any CPU.ActiveCfg = Debug|Any CPU
		{49FA0DFD-64D6-40E6-AB1F-B7A87CA313C1}.Debug|Any CPU.Build.0 = Debug|Any CPU
		{49FA0DFD-64D6-40E6-AB1F-B7A87CA313C1}.Release|Any CPU.ActiveCfg = Release|Any CPU
		{49FA0DFD-64D6-40E6-AB1F-B7A87CA313C1}.Release|Any CPU.Build.0 = Release|Any CPU
	EndGlobalSection
	GlobalSection(SolutionProperties) = preSolution
		HideSolutionNode = FALSE
	EndGlobalSection
	GlobalSection(ExtensibilityGlobals) = postSolution
		SolutionGuid = {AB8E327E-2E04-467A-B5FF-C65C32994CBD}
	EndGlobalSection
EndGlobal
